{
  "version": 4,
  "terraform_version": "0.12.3",
  "serial": 74,
  "lineage": "5458711f-9e66-6e12-47ba-651db782068c",
  "outputs": {},
  "resources": [
    {
      "module": "module.autoscale",
      "mode": "data",
      "type": "template_file",
      "name": "autoScaleTemplate",
      "provider": "provider.template",
      "instances": [
        {
          "schema_version": 0,
          "attributes": {
            "filename": null,
            "id": "6b6411d1e372a54f8f770a0ae0a56e723a15a640bdc1be2c81122fa582f7536e",
            "rendered": "#!/bin/bash\nset -x\n\n# Update instance\nyum update -y\n\n# Add all things that you want to do here (logging, monitoring, credential from S3, etc)\n\n# Join ECS cluster\necho 'ECS_CLUSTER=dev-WebServer-Cluster' \u003e /etc/ecs/ecs.config\nstart ecs\n\n\n",
            "template": "#!/bin/bash\nset -x\n\n# Update instance\nyum update -y\n\n# Add all things that you want to do here (logging, monitoring, credential from S3, etc)\n\n# Join ECS cluster\necho 'ECS_CLUSTER=${ecs_cluster}' \u003e /etc/ecs/ecs.config\nstart ecs\n\n\n",
            "vars": {
              "ecs_cluster": "dev-WebServer-Cluster"
            }
          }
        }
      ]
    },
    {
      "module": "module.autoscale",
      "mode": "managed",
      "type": "aws_alb",
      "name": "mainALB",
      "provider": "module.autoscale.provider.aws",
      "instances": [
        {
          "schema_version": 0,
          "attributes": {
            "access_logs": [
              {
                "bucket": "",
                "enabled": false,
                "prefix": ""
              }
            ],
            "arn": "arn:aws:elasticloadbalancing:us-west-2:853219876644:loadbalancer/app/dev-webServer-alb/b867c8efd84d1818",
            "arn_suffix": "app/dev-webServer-alb/b867c8efd84d1818",
            "dns_name": "dev-webServer-alb-2039285810.us-west-2.elb.amazonaws.com",
            "enable_cross_zone_load_balancing": null,
            "enable_deletion_protection": false,
            "enable_http2": true,
            "id": "arn:aws:elasticloadbalancing:us-west-2:853219876644:loadbalancer/app/dev-webServer-alb/b867c8efd84d1818",
            "idle_timeout": 400,
            "internal": false,
            "ip_address_type": "ipv4",
            "load_balancer_type": "application",
            "name": "dev-webServer-alb",
            "name_prefix": null,
            "security_groups": [
              "sg-0ce1197afa6219903"
            ],
            "subnet_mapping": [
              {
                "allocation_id": "",
                "subnet_id": "subnet-0ab0531301e49efcb"
              },
              {
                "allocation_id": "",
                "subnet_id": "subnet-0be68b7bee5d9e008"
              }
            ],
            "subnets": [
              "subnet-0ab0531301e49efcb",
              "subnet-0be68b7bee5d9e008"
            ],
            "tags": {
              "Name": "dev_webServer_alb"
            },
            "timeouts": null,
            "vpc_id": "vpc-0fd0d057dad9b75e4",
            "zone_id": "Z1H1FL5HABSF5"
          },
          "private": "eyJlMmJmYjczMC1lY2FhLTExZTYtOGY4OC0zNDM2M2JjN2M0YzAiOnsiY3JlYXRlIjo2MDAwMDAwMDAwMDAsImRlbGV0ZSI6NjAwMDAwMDAwMDAwLCJ1cGRhdGUiOjYwMDAwMDAwMDAwMH19"
        }
      ]
    },
    {
      "module": "module.autoscale",
      "mode": "managed",
      "type": "aws_alb_listener",
      "name": "frontendHttp",
      "each": "list",
      "provider": "module.autoscale.provider.aws",
      "instances": [
        {
          "index_key": 0,
          "schema_version": 0,
          "attributes": {
            "arn": "arn:aws:elasticloadbalancing:us-west-2:853219876644:listener/app/dev-webServer-alb/b867c8efd84d1818/b044e4648c471697",
            "certificate_arn": null,
            "default_action": [
              {
                "authenticate_cognito": [],
                "authenticate_oidc": [],
                "fixed_response": [],
                "order": 1,
                "redirect": [],
                "target_group_arn": "arn:aws:elasticloadbalancing:us-west-2:853219876644:targetgroup/dev-webServer-tg-0/8af13e47c06f7d7f",
                "type": "forward"
              }
            ],
            "id": "arn:aws:elasticloadbalancing:us-west-2:853219876644:listener/app/dev-webServer-alb/b867c8efd84d1818/b044e4648c471697",
            "load_balancer_arn": "arn:aws:elasticloadbalancing:us-west-2:853219876644:loadbalancer/app/dev-webServer-alb/b867c8efd84d1818",
            "port": 80,
            "protocol": "HTTP",
            "ssl_policy": "",
            "timeouts": null
          },
          "private": "eyJlMmJmYjczMC1lY2FhLTExZTYtOGY4OC0zNDM2M2JjN2M0YzAiOnsicmVhZCI6NjAwMDAwMDAwMDAwfX0=",
          "depends_on": [
            "aws_alb.mainALB",
            "aws_alb_target_group.webServertg"
          ]
        },
        {
          "index_key": 1,
          "schema_version": 0,
          "attributes": {
            "arn": "arn:aws:elasticloadbalancing:us-west-2:853219876644:listener/app/dev-webServer-alb/b867c8efd84d1818/0b738723f0c65389",
            "certificate_arn": null,
            "default_action": [
              {
                "authenticate_cognito": [],
                "authenticate_oidc": [],
                "fixed_response": [],
                "order": 1,
                "redirect": [],
                "target_group_arn": "arn:aws:elasticloadbalancing:us-west-2:853219876644:targetgroup/dev-webServer-tg-1/8b7de550b6a25f4a",
                "type": "forward"
              }
            ],
            "id": "arn:aws:elasticloadbalancing:us-west-2:853219876644:listener/app/dev-webServer-alb/b867c8efd84d1818/0b738723f0c65389",
            "load_balancer_arn": "arn:aws:elasticloadbalancing:us-west-2:853219876644:loadbalancer/app/dev-webServer-alb/b867c8efd84d1818",
            "port": 8080,
            "protocol": "HTTP",
            "ssl_policy": "",
            "timeouts": null
          },
          "private": "eyJlMmJmYjczMC1lY2FhLTExZTYtOGY4OC0zNDM2M2JjN2M0YzAiOnsicmVhZCI6NjAwMDAwMDAwMDAwfX0=",
          "depends_on": [
            "aws_alb.mainALB",
            "aws_alb_target_group.webServertg"
          ]
        }
      ]
    },
    {
      "module": "module.autoscale",
      "mode": "managed",
      "type": "aws_alb_target_group",
      "name": "webServertg",
      "each": "list",
      "provider": "module.autoscale.provider.aws",
      "instances": [
        {
          "index_key": 0,
          "schema_version": 0,
          "attributes": {
            "arn": "arn:aws:elasticloadbalancing:us-west-2:853219876644:targetgroup/dev-webServer-tg-0/8af13e47c06f7d7f",
            "arn_suffix": "targetgroup/dev-webServer-tg-0/8af13e47c06f7d7f",
            "deregistration_delay": 180,
            "health_check": [
              {
                "enabled": true,
                "healthy_threshold": 3,
                "interval": 60,
                "matcher": "200",
                "path": "/",
                "port": "80",
                "protocol": "HTTP",
                "timeout": 5,
                "unhealthy_threshold": 3
              }
            ],
            "id": "arn:aws:elasticloadbalancing:us-west-2:853219876644:targetgroup/dev-webServer-tg-0/8af13e47c06f7d7f",
            "lambda_multi_value_headers_enabled": false,
            "name": "dev-webServer-tg-0",
            "name_prefix": null,
            "port": 80,
            "protocol": "HTTP",
            "proxy_protocol_v2": false,
            "slow_start": 0,
            "stickiness": [
              {
                "cookie_duration": 86400,
                "enabled": false,
                "type": "lb_cookie"
              }
            ],
            "tags": {
              "Name": "dev-webServertg-1"
            },
            "target_type": "instance",
            "vpc_id": "vpc-0fd0d057dad9b75e4"
          },
          "private": "bnVsbA==",
          "depends_on": [
            "aws_alb.mainALB"
          ]
        },
        {
          "index_key": 1,
          "schema_version": 0,
          "attributes": {
            "arn": "arn:aws:elasticloadbalancing:us-west-2:853219876644:targetgroup/dev-webServer-tg-1/8b7de550b6a25f4a",
            "arn_suffix": "targetgroup/dev-webServer-tg-1/8b7de550b6a25f4a",
            "deregistration_delay": 180,
            "health_check": [
              {
                "enabled": true,
                "healthy_threshold": 3,
                "interval": 60,
                "matcher": "200",
                "path": "/",
                "port": "80",
                "protocol": "HTTP",
                "timeout": 5,
                "unhealthy_threshold": 3
              }
            ],
            "id": "arn:aws:elasticloadbalancing:us-west-2:853219876644:targetgroup/dev-webServer-tg-1/8b7de550b6a25f4a",
            "lambda_multi_value_headers_enabled": false,
            "name": "dev-webServer-tg-1",
            "name_prefix": null,
            "port": 80,
            "protocol": "HTTP",
            "proxy_protocol_v2": false,
            "slow_start": 0,
            "stickiness": [
              {
                "cookie_duration": 86400,
                "enabled": false,
                "type": "lb_cookie"
              }
            ],
            "tags": {
              "Name": "dev-webServertg-2"
            },
            "target_type": "instance",
            "vpc_id": "vpc-0fd0d057dad9b75e4"
          },
          "private": "bnVsbA==",
          "depends_on": [
            "aws_alb.mainALB"
          ]
        }
      ]
    },
    {
      "module": "module.autoscale",
      "mode": "managed",
      "type": "aws_autoscaling_group",
      "name": "webServerASG",
      "provider": "module.autoscale.provider.aws",
      "instances": [
        {
          "schema_version": 0,
          "attributes": {
            "arn": "arn:aws:autoscaling:us-west-2:853219876644:autoScalingGroup:3e48851f-3d52-463b-933e-986da855b0c1:autoScalingGroupName/dev-WebServer-AutoScalingGroup",
            "availability_zones": [
              "us-west-2a",
              "us-west-2b"
            ],
            "default_cooldown": 300,
            "desired_capacity": 2,
            "enabled_metrics": null,
            "force_delete": true,
            "health_check_grace_period": 300,
            "health_check_type": "EC2",
            "id": "dev-WebServer-AutoScalingGroup",
            "initial_lifecycle_hook": [],
            "launch_configuration": "terraform-20190724232811103600000001",
            "launch_template": [],
            "load_balancers": [],
            "max_size": 2,
            "metrics_granularity": "1Minute",
            "min_elb_capacity": null,
            "min_size": 1,
            "mixed_instances_policy": [],
            "name": "dev-WebServer-AutoScalingGroup",
            "name_prefix": null,
            "placement_group": "",
            "protect_from_scale_in": false,
            "service_linked_role_arn": "arn:aws:iam::853219876644:role/aws-service-role/autoscaling.amazonaws.com/AWSServiceRoleForAutoScaling",
            "suspended_processes": null,
            "tag": [
              {
                "key": "Name",
                "propagate_at_launch": true,
                "value": "dev-WebServer-AutoScalingGroup"
              }
            ],
            "tags": null,
            "target_group_arns": [],
            "termination_policies": null,
            "timeouts": null,
            "vpc_zone_identifier": [
              "subnet-0ab0531301e49efcb",
              "subnet-0be68b7bee5d9e008"
            ],
            "wait_for_capacity_timeout": "10m",
            "wait_for_elb_capacity": null
          },
          "private": "eyJlMmJmYjczMC1lY2FhLTExZTYtOGY4OC0zNDM2M2JjN2M0YzAiOnsiZGVsZXRlIjo2MDAwMDAwMDAwMDB9fQ==",
          "depends_on": [
            "aws_launch_configuration.webServerLC"
          ]
        }
      ]
    },
    {
      "module": "module.ecs",
      "mode": "managed",
      "type": "aws_ecs_cluster",
      "name": "webCluster",
      "provider": "provider.aws",
      "instances": [
        {
          "schema_version": 0,
          "attributes": {
            "arn": "arn:aws:ecs:us-west-2:853219876644:cluster/dev-WebServer-Cluster",
            "id": "arn:aws:ecs:us-west-2:853219876644:cluster/dev-WebServer-Cluster",
            "name": "dev-WebServer-Cluster",
            "tags": {}
          },
          "private": "bnVsbA=="
        }
      ]
    },
    {
      "module": "module.iam",
      "mode": "managed",
      "type": "aws_iam_instance_profile",
      "name": "ecsInstanceProfile",
      "provider": "provider.aws",
      "instances": [
        {
          "schema_version": 0,
          "attributes": {
            "arn": "arn:aws:iam::853219876644:instance-profile/dev-ECS-InstanceProfile",
            "create_date": "2019-07-24T23:04:36Z",
            "id": "dev-ECS-InstanceProfile",
            "name": "dev-ECS-InstanceProfile",
            "name_prefix": null,
            "path": "/",
            "role": "dev-ECS-InstanceRole",
            "roles": [
              "dev-ECS-InstanceRole"
            ],
            "unique_id": "AIPA4NJ66D4SOD2B7BM7I"
          },
          "private": "bnVsbA==",
          "depends_on": [
            "aws_iam_role.ecsInstanceRole"
          ]
        }
      ]
    },
    {
      "module": "module.iam",
      "mode": "managed",
      "type": "aws_iam_role",
      "name": "ecsInstanceRole",
      "provider": "provider.aws",
      "instances": [
        {
          "schema_version": 0,
          "attributes": {
            "arn": "arn:aws:iam::853219876644:role/dev-ECS-InstanceRole",
            "assume_role_policy": "{\"Version\":\"2012-10-17\",\"Statement\":[{\"Sid\":\"\",\"Effect\":\"Allow\",\"Principal\":{\"Service\":\"ec2.amazonaws.com\"},\"Action\":\"sts:AssumeRole\"}]}",
            "create_date": "2019-07-24T23:04:33Z",
            "description": "",
            "force_detach_policies": false,
            "id": "dev-ECS-InstanceRole",
            "max_session_duration": 3600,
            "name": "dev-ECS-InstanceRole",
            "name_prefix": null,
            "path": "/",
            "permissions_boundary": null,
            "tags": {},
            "unique_id": "AROA4NJ66D4SBLGKZHJJJ"
          },
          "private": "bnVsbA=="
        }
      ]
    },
    {
      "module": "module.iam",
      "mode": "managed",
      "type": "aws_iam_role",
      "name": "ecsServiceRole",
      "provider": "provider.aws",
      "instances": [
        {
          "schema_version": 0,
          "attributes": {
            "arn": "arn:aws:iam::853219876644:role/dev-ECS-ServiceRole",
            "assume_role_policy": "{\"Version\":\"2012-10-17\",\"Statement\":[{\"Sid\":\"\",\"Effect\":\"Allow\",\"Principal\":{\"Service\":\"ecs.amazonaws.com\"},\"Action\":\"sts:AssumeRole\"}]}",
            "create_date": "2019-07-24T23:04:33Z",
            "description": "",
            "force_detach_policies": false,
            "id": "dev-ECS-ServiceRole",
            "max_session_duration": 3600,
            "name": "dev-ECS-ServiceRole",
            "name_prefix": null,
            "path": "/",
            "permissions_boundary": null,
            "tags": {},
            "unique_id": "AROA4NJ66D4SJCGOS3JIF"
          },
          "private": "bnVsbA=="
        }
      ]
    },
    {
      "module": "module.iam",
      "mode": "managed",
      "type": "aws_iam_role_policy",
      "name": "ecsInstanceRolePolicy",
      "provider": "provider.aws",
      "instances": [
        {
          "schema_version": 0,
          "attributes": {
            "id": "dev-ECS-InstanceRole:dev-ECS-InstanceRolePolicy",
            "name": "dev-ECS-InstanceRolePolicy",
            "name_prefix": null,
            "policy": "{\n  \"Version\": \"2012-10-17\",\n  \"Statement\": [\n    {\n      \"Effect\": \"Allow\",\n      \"Action\": [\n        \"ecs:CreateCluster\",\n        \"ecs:DeregisterContainerInstance\",\n        \"ecs:DiscoverPollEndpoint\",\n        \"ecs:Poll\",\n        \"ecs:RegisterContainerInstance\",\n        \"ecs:StartTelemetrySession\",\n        \"ecs:Submit*\",\n        \"ecs:StartTask\"\n      ],\n      \"Resource\": [\n        \"*\"\n      ]\n    }\n  ]\n}\n",
            "role": "dev-ECS-InstanceRole"
          },
          "private": "bnVsbA==",
          "depends_on": [
            "aws_iam_role.ecsInstanceRole"
          ]
        }
      ]
    },
    {
      "module": "module.iam",
      "mode": "managed",
      "type": "aws_iam_role_policy",
      "name": "ecsServiceRolePolicy",
      "provider": "provider.aws",
      "instances": [
        {
          "schema_version": 0,
          "attributes": {
            "id": "dev-ECS-ServiceRole:dev-ECS-ServiceRolePolicy",
            "name": "dev-ECS-ServiceRolePolicy",
            "name_prefix": null,
            "policy": "{\n  \"Version\": \"2012-10-17\",\n  \"Statement\": [\n    {\n      \"Effect\": \"Allow\",\n      \"Action\": [\n        \"elasticloadbalancing:Describe*\",\n        \"elasticloadbalancing:DeregisterTargets\",\n        \"elasticloadbalancing:RegisterTargets\",\n        \"ec2:Describe*\",\n        \"ec2:AuthorizeSecurityGroupIngress\"\n      ],\n      \"Resource\": [\n        \"*\"\n      ]\n    }\n  ]\n}\n",
            "role": "dev-ECS-ServiceRole"
          },
          "private": "bnVsbA==",
          "depends_on": [
            "aws_iam_role.ecsServiceRole"
          ]
        }
      ]
    },
    {
      "module": "module.vpc",
      "mode": "managed",
      "type": "aws_internet_gateway",
      "name": "internetGW",
      "provider": "provider.aws",
      "instances": [
        {
          "schema_version": 0,
          "attributes": {
            "id": "igw-0db7add514b60489b",
            "owner_id": "853219876644",
            "tags": {},
            "vpc_id": "vpc-0fd0d057dad9b75e4"
          },
          "private": "bnVsbA==",
          "depends_on": [
            "aws_vpc.mainVPC"
          ]
        }
      ]
    },
    {
      "module": "module.autoscale",
      "mode": "managed",
      "type": "aws_launch_configuration",
      "name": "webServerLC",
      "provider": "module.autoscale.provider.aws",
      "instances": [
        {
          "schema_version": 0,
          "attributes": {
            "associate_public_ip_address": true,
            "ebs_block_device": [],
            "ebs_optimized": false,
            "enable_monitoring": true,
            "ephemeral_block_device": [],
            "iam_instance_profile": "arn:aws:iam::853219876644:instance-profile/dev-ECS-InstanceProfile",
            "id": "terraform-20190724232811103600000001",
            "image_id": "ami-082b5a644766e0e6f",
            "instance_type": "t2.micro",
            "key_name": "Kazmi-Oregon",
            "name": "terraform-20190724232811103600000001",
            "name_prefix": null,
            "placement_tenancy": null,
            "root_block_device": [],
            "security_groups": [
              "sg-055cef3682cd28c4f"
            ],
            "spot_price": "",
            "user_data": "de43e9dc48a80008fd3d771648d1fe9b2f39dd12",
            "user_data_base64": null,
            "vpc_classic_link_id": "",
            "vpc_classic_link_security_groups": null
          },
          "private": "bnVsbA==",
          "depends_on": [
            "data.template_file.autoScaleTemplate"
          ]
        }
      ]
    },
    {
      "module": "module.vpc",
      "mode": "managed",
      "type": "aws_main_route_table_association",
      "name": "routeTableAsc",
      "provider": "provider.aws",
      "instances": [
        {
          "schema_version": 0,
          "attributes": {
            "id": "rtbassoc-00ece8e2cd11a5806",
            "original_route_table_id": "rtb-0bbde37f61948c104",
            "route_table_id": "rtb-0f703045b5254c97e",
            "vpc_id": "vpc-0fd0d057dad9b75e4"
          },
          "private": "bnVsbA==",
          "depends_on": [
            "aws_route_table.routeTable",
            "aws_vpc.mainVPC"
          ]
        }
      ]
    },
    {
      "module": "module.vpc",
      "mode": "managed",
      "type": "aws_route_table",
      "name": "routeTable",
      "provider": "provider.aws",
      "instances": [
        {
          "schema_version": 0,
          "attributes": {
            "id": "rtb-0f703045b5254c97e",
            "owner_id": "853219876644",
            "propagating_vgws": [],
            "route": [
              {
                "cidr_block": "0.0.0.0/0",
                "egress_only_gateway_id": "",
                "gateway_id": "igw-0db7add514b60489b",
                "instance_id": "",
                "ipv6_cidr_block": "",
                "nat_gateway_id": "",
                "network_interface_id": "",
                "transit_gateway_id": "",
                "vpc_peering_connection_id": ""
              }
            ],
            "tags": {},
            "vpc_id": "vpc-0fd0d057dad9b75e4"
          },
          "private": "bnVsbA==",
          "depends_on": [
            "aws_internet_gateway.internetGW",
            "aws_vpc.mainVPC"
          ]
        }
      ]
    },
    {
      "module": "module.vpc",
      "mode": "managed",
      "type": "aws_security_group",
      "name": "sgAlb",
      "provider": "provider.aws",
      "instances": [
        {
          "schema_version": 1,
          "attributes": {
            "arn": "arn:aws:ec2:us-west-2:853219876644:security-group/sg-0ce1197afa6219903",
            "description": "Security group for ALBs",
            "egress": [
              {
                "cidr_blocks": [
                  "0.0.0.0/0"
                ],
                "description": "",
                "from_port": 0,
                "ipv6_cidr_blocks": [],
                "prefix_list_ids": [],
                "protocol": "-1",
                "security_groups": [],
                "self": false,
                "to_port": 0
              }
            ],
            "id": "sg-0ce1197afa6219903",
            "ingress": [
              {
                "cidr_blocks": [
                  "0.0.0.0/0"
                ],
                "description": "",
                "from_port": 8080,
                "ipv6_cidr_blocks": [],
                "prefix_list_ids": [],
                "protocol": "tcp",
                "security_groups": [],
                "self": false,
                "to_port": 8080
              },
              {
                "cidr_blocks": [
                  "0.0.0.0/0"
                ],
                "description": "",
                "from_port": 80,
                "ipv6_cidr_blocks": [],
                "prefix_list_ids": [],
                "protocol": "tcp",
                "security_groups": [],
                "self": false,
                "to_port": 80
              }
            ],
            "name": "dev-alb-sg",
            "name_prefix": null,
            "owner_id": "853219876644",
            "revoke_rules_on_delete": false,
            "tags": {
              "key": "Name",
              "value": "dev-alb-sg"
            },
            "timeouts": null,
            "vpc_id": "vpc-0fd0d057dad9b75e4"
          },
          "private": "eyJlMmJmYjczMC1lY2FhLTExZTYtOGY4OC0zNDM2M2JjN2M0YzAiOnsiY3JlYXRlIjo2MDAwMDAwMDAwMDAsImRlbGV0ZSI6NjAwMDAwMDAwMDAwfSwic2NoZW1hX3ZlcnNpb24iOiIxIn0=",
          "depends_on": [
            "aws_vpc.mainVPC"
          ]
        }
      ]
    },
    {
      "module": "module.vpc",
      "mode": "managed",
      "type": "aws_security_group",
      "name": "sgECS",
      "provider": "provider.aws",
      "instances": [
        {
          "schema_version": 1,
          "attributes": {
            "arn": "arn:aws:ec2:us-west-2:853219876644:security-group/sg-055cef3682cd28c4f",
            "description": "Security group for ECS Instances",
            "egress": [
              {
                "cidr_blocks": [
                  "0.0.0.0/0"
                ],
                "description": "",
                "from_port": 0,
                "ipv6_cidr_blocks": [],
                "prefix_list_ids": [],
                "protocol": "-1",
                "security_groups": [],
                "self": false,
                "to_port": 0
              }
            ],
            "id": "sg-055cef3682cd28c4f",
            "ingress": [
              {
                "cidr_blocks": [
                  "0.0.0.0/0"
                ],
                "description": "",
                "from_port": 22,
                "ipv6_cidr_blocks": [],
                "prefix_list_ids": [],
                "protocol": "tcp",
                "security_groups": [],
                "self": false,
                "to_port": 22
              },
              {
                "cidr_blocks": [],
                "description": "",
                "from_port": 0,
                "ipv6_cidr_blocks": [],
                "prefix_list_ids": [],
                "protocol": "-1",
                "security_groups": [
                  "sg-0ce1197afa6219903"
                ],
                "self": true,
                "to_port": 0
              }
            ],
            "name": "dev-ecs-sg",
            "name_prefix": null,
            "owner_id": "853219876644",
            "revoke_rules_on_delete": false,
            "tags": {
              "key": "Name",
              "value": "dev-ecs-sg"
            },
            "timeouts": null,
            "vpc_id": "vpc-0fd0d057dad9b75e4"
          },
          "private": "eyJlMmJmYjczMC1lY2FhLTExZTYtOGY4OC0zNDM2M2JjN2M0YzAiOnsiY3JlYXRlIjo2MDAwMDAwMDAwMDAsImRlbGV0ZSI6NjAwMDAwMDAwMDAwfSwic2NoZW1hX3ZlcnNpb24iOiIxIn0=",
          "depends_on": [
            "aws_vpc.mainVPC"
          ]
        }
      ]
    },
    {
      "module": "module.vpc",
      "mode": "managed",
      "type": "aws_security_group_rule",
      "name": "allow_all_from_peers",
      "provider": "provider.aws",
      "instances": [
        {
          "schema_version": 2,
          "attributes": {
            "cidr_blocks": [],
            "description": "",
            "from_port": 0,
            "id": "sgrule-294653569",
            "ipv6_cidr_blocks": [],
            "prefix_list_ids": [],
            "protocol": "-1",
            "security_group_id": "sg-055cef3682cd28c4f",
            "self": false,
            "source_security_group_id": "sg-055cef3682cd28c4f",
            "to_port": 0,
            "type": "ingress"
          },
          "private": "eyJzY2hlbWFfdmVyc2lvbiI6IjIifQ==",
          "depends_on": [
            "aws_security_group.sgECS"
          ]
        }
      ]
    },
    {
      "module": "module.vpc",
      "mode": "managed",
      "type": "aws_security_group_rule",
      "name": "inboundAllSSH",
      "provider": "provider.aws",
      "instances": [
        {
          "schema_version": 2,
          "attributes": {
            "cidr_blocks": [
              "0.0.0.0/0"
            ],
            "description": "",
            "from_port": 22,
            "id": "sgrule-3206600919",
            "ipv6_cidr_blocks": [],
            "prefix_list_ids": [],
            "protocol": "tcp",
            "security_group_id": "sg-055cef3682cd28c4f",
            "self": false,
            "source_security_group_id": null,
            "to_port": 22,
            "type": "ingress"
          },
          "private": "eyJzY2hlbWFfdmVyc2lvbiI6IjIifQ==",
          "depends_on": [
            "aws_security_group.sgECS"
          ]
        }
      ]
    },
    {
      "module": "module.vpc",
      "mode": "managed",
      "type": "aws_security_group_rule",
      "name": "inboundECS-ALB",
      "provider": "provider.aws",
      "instances": [
        {
          "schema_version": 2,
          "attributes": {
            "cidr_blocks": [],
            "description": "",
            "from_port": 0,
            "id": "sgrule-3446274194",
            "ipv6_cidr_blocks": [],
            "prefix_list_ids": [],
            "protocol": "-1",
            "security_group_id": "sg-055cef3682cd28c4f",
            "self": false,
            "source_security_group_id": "sg-0ce1197afa6219903",
            "to_port": 0,
            "type": "ingress"
          },
          "private": "eyJzY2hlbWFfdmVyc2lvbiI6IjIifQ==",
          "depends_on": [
            "aws_security_group.sgAlb",
            "aws_security_group.sgECS"
          ]
        }
      ]
    },
    {
      "module": "module.vpc",
      "mode": "managed",
      "type": "aws_security_group_rule",
      "name": "outboundAllECS",
      "provider": "provider.aws",
      "instances": [
        {
          "schema_version": 2,
          "attributes": {
            "cidr_blocks": [
              "0.0.0.0/0"
            ],
            "description": "",
            "from_port": 0,
            "id": "sgrule-1709733831",
            "ipv6_cidr_blocks": [],
            "prefix_list_ids": [],
            "protocol": "-1",
            "security_group_id": "sg-055cef3682cd28c4f",
            "self": false,
            "source_security_group_id": null,
            "to_port": 0,
            "type": "egress"
          },
          "private": "eyJzY2hlbWFfdmVyc2lvbiI6IjIifQ==",
          "depends_on": [
            "aws_security_group.sgECS"
          ]
        }
      ]
    },
    {
      "module": "module.vpc",
      "mode": "managed",
      "type": "aws_subnet",
      "name": "subnet",
      "each": "list",
      "provider": "provider.aws",
      "instances": [
        {
          "index_key": 0,
          "schema_version": 1,
          "attributes": {
            "arn": "arn:aws:ec2:us-west-2:853219876644:subnet/subnet-0ab0531301e49efcb",
            "assign_ipv6_address_on_creation": false,
            "availability_zone": "us-west-2a",
            "availability_zone_id": "usw2-az2",
            "cidr_block": "10.0.0.0/24",
            "id": "subnet-0ab0531301e49efcb",
            "ipv6_cidr_block": "",
            "ipv6_cidr_block_association_id": "",
            "map_public_ip_on_launch": true,
            "owner_id": "853219876644",
            "tags": {
              "key": "Name",
              "value": "dev-webServer-subnet"
            },
            "timeouts": null,
            "vpc_id": "vpc-0fd0d057dad9b75e4"
          },
          "private": "eyJlMmJmYjczMC1lY2FhLTExZTYtOGY4OC0zNDM2M2JjN2M0YzAiOnsiY3JlYXRlIjo2MDAwMDAwMDAwMDAsImRlbGV0ZSI6MTIwMDAwMDAwMDAwMH0sInNjaGVtYV92ZXJzaW9uIjoiMSJ9",
          "depends_on": [
            "aws_vpc.mainVPC"
          ]
        },
        {
          "index_key": 1,
          "schema_version": 1,
          "attributes": {
            "arn": "arn:aws:ec2:us-west-2:853219876644:subnet/subnet-0be68b7bee5d9e008",
            "assign_ipv6_address_on_creation": false,
            "availability_zone": "us-west-2b",
            "availability_zone_id": "usw2-az1",
            "cidr_block": "10.0.1.0/24",
            "id": "subnet-0be68b7bee5d9e008",
            "ipv6_cidr_block": "",
            "ipv6_cidr_block_association_id": "",
            "map_public_ip_on_launch": true,
            "owner_id": "853219876644",
            "tags": {
              "key": "Name",
              "value": "dev-webServer-subnet"
            },
            "timeouts": null,
            "vpc_id": "vpc-0fd0d057dad9b75e4"
          },
          "private": "eyJlMmJmYjczMC1lY2FhLTExZTYtOGY4OC0zNDM2M2JjN2M0YzAiOnsiY3JlYXRlIjo2MDAwMDAwMDAwMDAsImRlbGV0ZSI6MTIwMDAwMDAwMDAwMH0sInNjaGVtYV92ZXJzaW9uIjoiMSJ9",
          "depends_on": [
            "aws_vpc.mainVPC"
          ]
        }
      ]
    },
    {
      "module": "module.vpc",
      "mode": "managed",
      "type": "aws_vpc",
      "name": "mainVPC",
      "provider": "provider.aws",
      "instances": [
        {
          "schema_version": 1,
          "attributes": {
            "arn": "arn:aws:ec2:us-west-2:853219876644:vpc/vpc-0fd0d057dad9b75e4",
            "assign_generated_ipv6_cidr_block": false,
            "cidr_block": "10.0.0.0/16",
            "default_network_acl_id": "acl-0045d5c7345d478f1",
            "default_route_table_id": "rtb-0f703045b5254c97e",
            "default_security_group_id": "sg-0b23701bb2b34392c",
            "dhcp_options_id": "dopt-0b9288a29a0d6cdac",
            "enable_classiclink": false,
            "enable_classiclink_dns_support": false,
            "enable_dns_hostnames": true,
            "enable_dns_support": true,
            "id": "vpc-0fd0d057dad9b75e4",
            "instance_tenancy": "default",
            "ipv6_association_id": "",
            "ipv6_cidr_block": "",
            "main_route_table_id": "rtb-0f703045b5254c97e",
            "owner_id": "853219876644",
            "tags": {
              "key": "Name",
              "value": "dev-vpc-webServer-ECS"
            }
          },
          "private": "eyJzY2hlbWFfdmVyc2lvbiI6IjEifQ=="
        }
      ]
    },
    {
      "module": "module.vpc",
      "mode": "managed",
      "type": "aws_vpc_dhcp_options",
      "name": "dns_resolver",
      "provider": "provider.aws",
      "instances": [
        {
          "schema_version": 0,
          "attributes": {
            "domain_name": null,
            "domain_name_servers": [
              "AmazonProvidedDNS"
            ],
            "id": "dopt-0b9288a29a0d6cdac",
            "netbios_name_servers": null,
            "netbios_node_type": null,
            "ntp_servers": null,
            "owner_id": "853219876644",
            "tags": {}
          },
          "private": "bnVsbA=="
        }
      ]
    },
    {
      "module": "module.vpc",
      "mode": "managed",
      "type": "aws_vpc_dhcp_options_association",
      "name": "dhcpAsc",
      "provider": "provider.aws",
      "instances": [
        {
          "schema_version": 0,
          "attributes": {
            "dhcp_options_id": "dopt-0b9288a29a0d6cdac",
            "id": "dopt-0b9288a29a0d6cdac-vpc-0fd0d057dad9b75e4",
            "vpc_id": "vpc-0fd0d057dad9b75e4"
          },
          "private": "bnVsbA==",
          "depends_on": [
            "aws_vpc.mainVPC",
            "aws_vpc_dhcp_options.dns_resolver"
          ]
        }
      ]
    }
  ]
}
